
Microsoft Visual Studio Solution File, Format Version 12.00
# Visual Studio 15
VisualStudioVersion = 15.0.27428.2043
MinimumVisualStudioVersion = 10.0.40219.1
Project("{FAE04EC0-301F-11D3-BF4B-00C04F79EFBC}") = "ArraysWeekend", "ArraysWeekend\ArraysWeekend.csproj", "{773F2DAF-0E31-45F9-92C0-35ABB84D7016}"
EndProject
Project("{FAE04EC0-301F-11D3-BF4B-00C04F79EFBC}") = "ReverseAnArrayOfIntegers", "ReverseAnArrayOfIntegers\ReverseAnArrayOfIntegers.csproj", "{67261C83-9C96-457A-A0B2-31474660A3CA}"
EndProject
Project("{FAE04EC0-301F-11D3-BF4B-00C04F79EFBC}") = "RoundingNumbersAwayFromZero", "RoundingNumbersAwayFromZero\RoundingNumbersAwayFromZero.csproj", "{179CDD2F-068F-4B25-B291-ACBE661B2D03}"
EndProject
Project("{FAE04EC0-301F-11D3-BF4B-00C04F79EFBC}") = "sumArrays", "sumArrays\sumArrays.csproj", "{A9AA2CBB-9F69-4ED8-901A-88557C4BA7C2}"
EndProject
Project("{FAE04EC0-301F-11D3-BF4B-00C04F79EFBC}") = "ExcractMiddleNumbers", "TripleSum\ExcractMiddleNumbers.csproj", "{50752C52-5095-4E34-AD12-60F5397995FA}"
EndProject
Global
	GlobalSection(SolutionConfigurationPlatforms) = preSolution
		Debug|Any CPU = Debug|Any CPU
		Release|Any CPU = Release|Any CPU
	EndGlobalSection
	GlobalSection(ProjectConfigurationPlatforms) = postSolution
		{773F2DAF-0E31-45F9-92C0-35ABB84D7016}.Debug|Any CPU.ActiveCfg = Debug|Any CPU
		{773F2DAF-0E31-45F9-92C0-35ABB84D7016}.Debug|Any CPU.Build.0 = Debug|Any CPU
		{773F2DAF-0E31-45F9-92C0-35ABB84D7016}.Release|Any CPU.ActiveCfg = Release|Any CPU
		{773F2DAF-0E31-45F9-92C0-35ABB84D7016}.Release|Any CPU.Build.0 = Release|Any CPU
		{67261C83-9C96-457A-A0B2-31474660A3CA}.Debug|Any CPU.ActiveCfg = Debug|Any CPU
		{67261C83-9C96-457A-A0B2-31474660A3CA}.Debug|Any CPU.Build.0 = Debug|Any CPU
		{67261C83-9C96-457A-A0B2-31474660A3CA}.Release|Any CPU.ActiveCfg = Release|Any CPU
		{67261C83-9C96-457A-A0B2-31474660A3CA}.Release|Any CPU.Build.0 = Release|Any CPU
		{179CDD2F-068F-4B25-B291-ACBE661B2D03}.Debug|Any CPU.ActiveCfg = Debug|Any CPU
		{179CDD2F-068F-4B25-B291-ACBE661B2D03}.Debug|Any CPU.Build.0 = Debug|Any CPU
		{179CDD2F-068F-4B25-B291-ACBE661B2D03}.Release|Any CPU.ActiveCfg = Release|Any CPU
		{179CDD2F-068F-4B25-B291-ACBE661B2D03}.Release|Any CPU.Build.0 = Release|Any CPU
		{A9AA2CBB-9F69-4ED8-901A-88557C4BA7C2}.Debug|Any CPU.ActiveCfg = Debug|Any CPU
		{A9AA2CBB-9F69-4ED8-901A-88557C4BA7C2}.Debug|Any CPU.Build.0 = Debug|Any CPU
		{A9AA2CBB-9F69-4ED8-901A-88557C4BA7C2}.Release|Any CPU.ActiveCfg = Release|Any CPU
		{A9AA2CBB-9F69-4ED8-901A-88557C4BA7C2}.Release|Any CPU.Build.0 = Release|Any CPU
		{50752C52-5095-4E34-AD12-60F5397995FA}.Debug|Any CPU.ActiveCfg = Debug|Any CPU
		{50752C52-5095-4E34-AD12-60F5397995FA}.Debug|Any CPU.Build.0 = Debug|Any CPU
		{50752C52-5095-4E34-AD12-60F5397995FA}.Release|Any CPU.ActiveCfg = Release|Any CPU
		{50752C52-5095-4E34-AD12-60F5397995FA}.Release|Any CPU.Build.0 = Release|Any CPU
	EndGlobalSection
	GlobalSection(SolutionProperties) = preSolution
		HideSolutionNode = FALSE
	EndGlobalSection
	GlobalSection(ExtensibilityGlobals) = postSolution
		SolutionGuid = {CE79FCB3-3764-4695-8B64-9DB82E289D25}
	EndGlobalSection
EndGlobal
