
Microsoft Visual Studio Solution File, Format Version 12.00
# Visual Studio 15
VisualStudioVersion = 15.0.27428.2043
MinimumVisualStudioVersion = 10.0.40219.1
Project("{9A19103F-16F7-4668-BE54-9A1E7A4F7556}") = "CenturiesAndMinutes", "5.3.18 DataTypesAndVariables\CenturiesAndMinutes.csproj", "{D3215A96-0340-4A2B-8D15-F27BFC1302DB}"
EndProject
Project("{9A19103F-16F7-4668-BE54-9A1E7A4F7556}") = "CircleArea12f", "CircleArea12f\CircleArea12f.csproj", "{4B2FA135-F822-4D64-B169-6D5A913FA0B9}"
EndProject
Project("{9A19103F-16F7-4668-BE54-9A1E7A4F7556}") = "ExactSumOfRealNumbers", "ExactSumOfRealNumbers\ExactSumOfRealNumbers.csproj", "{3EAE45A3-377B-40DD-BF21-0BA67BDF09E1}"
EndProject
Project("{9A19103F-16F7-4668-BE54-9A1E7A4F7556}") = "Elevator", "Elevator\Elevator.csproj", "{011BCA51-148F-4919-81B0-214A178D3B9A}"
EndProject
Project("{9A19103F-16F7-4668-BE54-9A1E7A4F7556}") = "SpecialNumbers", "SpecialNumbers\SpecialNumbers.csproj", "{9CA951E2-6F69-4BC4-A192-E62D70554943}"
EndProject
Project("{9A19103F-16F7-4668-BE54-9A1E7A4F7556}") = "TriplesOfLatinLetters", "TriplesOfLatinLetters\TriplesOfLatinLetters.csproj", "{68AB8E43-10DE-443A-80DC-7FFA0DB1595C}"
EndProject
Project("{FAE04EC0-301F-11D3-BF4B-00C04F79EFBC}") = "Greetings", "Greetings\Greetings.csproj", "{B250A94F-6BD3-48E1-BEFE-F0105F6F7FBD}"
EndProject
Project("{FAE04EC0-301F-11D3-BF4B-00C04F79EFBC}") = "RefactorPyramidVolume", "RefactorPyramidVolume\RefactorPyramidVolume.csproj", "{1878581F-36A9-4F79-81DB-069021B6AA75}"
EndProject
Project("{FAE04EC0-301F-11D3-BF4B-00C04F79EFBC}") = "RefactorSpecialNumbers", "RefactorSpecialNumbers\RefactorSpecialNumbers.csproj", "{ABEF6E12-617E-459D-9EAE-8F237F914B01}"
EndProject
Project("{FAE04EC0-301F-11D3-BF4B-00C04F79EFBC}") = "specialNumbers2", "specialNumbers2\specialNumbers2.csproj", "{1464E512-F6EC-4145-BBB2-31A795952C54}"
EndProject
Global
	GlobalSection(SolutionConfigurationPlatforms) = preSolution
		Debug|Any CPU = Debug|Any CPU
		Release|Any CPU = Release|Any CPU
	EndGlobalSection
	GlobalSection(ProjectConfigurationPlatforms) = postSolution
		{D3215A96-0340-4A2B-8D15-F27BFC1302DB}.Debug|Any CPU.ActiveCfg = Debug|Any CPU
		{D3215A96-0340-4A2B-8D15-F27BFC1302DB}.Debug|Any CPU.Build.0 = Debug|Any CPU
		{D3215A96-0340-4A2B-8D15-F27BFC1302DB}.Release|Any CPU.ActiveCfg = Release|Any CPU
		{D3215A96-0340-4A2B-8D15-F27BFC1302DB}.Release|Any CPU.Build.0 = Release|Any CPU
		{4B2FA135-F822-4D64-B169-6D5A913FA0B9}.Debug|Any CPU.ActiveCfg = Debug|Any CPU
		{4B2FA135-F822-4D64-B169-6D5A913FA0B9}.Debug|Any CPU.Build.0 = Debug|Any CPU
		{4B2FA135-F822-4D64-B169-6D5A913FA0B9}.Release|Any CPU.ActiveCfg = Release|Any CPU
		{4B2FA135-F822-4D64-B169-6D5A913FA0B9}.Release|Any CPU.Build.0 = Release|Any CPU
		{3EAE45A3-377B-40DD-BF21-0BA67BDF09E1}.Debug|Any CPU.ActiveCfg = Debug|Any CPU
		{3EAE45A3-377B-40DD-BF21-0BA67BDF09E1}.Debug|Any CPU.Build.0 = Debug|Any CPU
		{3EAE45A3-377B-40DD-BF21-0BA67BDF09E1}.Release|Any CPU.ActiveCfg = Release|Any CPU
		{3EAE45A3-377B-40DD-BF21-0BA67BDF09E1}.Release|Any CPU.Build.0 = Release|Any CPU
		{011BCA51-148F-4919-81B0-214A178D3B9A}.Debug|Any CPU.ActiveCfg = Debug|Any CPU
		{011BCA51-148F-4919-81B0-214A178D3B9A}.Debug|Any CPU.Build.0 = Debug|Any CPU
		{011BCA51-148F-4919-81B0-214A178D3B9A}.Release|Any CPU.ActiveCfg = Release|Any CPU
		{011BCA51-148F-4919-81B0-214A178D3B9A}.Release|Any CPU.Build.0 = Release|Any CPU
		{9CA951E2-6F69-4BC4-A192-E62D70554943}.Debug|Any CPU.ActiveCfg = Debug|Any CPU
		{9CA951E2-6F69-4BC4-A192-E62D70554943}.Debug|Any CPU.Build.0 = Debug|Any CPU
		{9CA951E2-6F69-4BC4-A192-E62D70554943}.Release|Any CPU.ActiveCfg = Release|Any CPU
		{9CA951E2-6F69-4BC4-A192-E62D70554943}.Release|Any CPU.Build.0 = Release|Any CPU
		{68AB8E43-10DE-443A-80DC-7FFA0DB1595C}.Debug|Any CPU.ActiveCfg = Debug|Any CPU
		{68AB8E43-10DE-443A-80DC-7FFA0DB1595C}.Debug|Any CPU.Build.0 = Debug|Any CPU
		{68AB8E43-10DE-443A-80DC-7FFA0DB1595C}.Release|Any CPU.ActiveCfg = Release|Any CPU
		{68AB8E43-10DE-443A-80DC-7FFA0DB1595C}.Release|Any CPU.Build.0 = Release|Any CPU
		{B250A94F-6BD3-48E1-BEFE-F0105F6F7FBD}.Debug|Any CPU.ActiveCfg = Debug|Any CPU
		{B250A94F-6BD3-48E1-BEFE-F0105F6F7FBD}.Debug|Any CPU.Build.0 = Debug|Any CPU
		{B250A94F-6BD3-48E1-BEFE-F0105F6F7FBD}.Release|Any CPU.ActiveCfg = Release|Any CPU
		{B250A94F-6BD3-48E1-BEFE-F0105F6F7FBD}.Release|Any CPU.Build.0 = Release|Any CPU
		{1878581F-36A9-4F79-81DB-069021B6AA75}.Debug|Any CPU.ActiveCfg = Debug|Any CPU
		{1878581F-36A9-4F79-81DB-069021B6AA75}.Debug|Any CPU.Build.0 = Debug|Any CPU
		{1878581F-36A9-4F79-81DB-069021B6AA75}.Release|Any CPU.ActiveCfg = Release|Any CPU
		{1878581F-36A9-4F79-81DB-069021B6AA75}.Release|Any CPU.Build.0 = Release|Any CPU
		{ABEF6E12-617E-459D-9EAE-8F237F914B01}.Debug|Any CPU.ActiveCfg = Debug|Any CPU
		{ABEF6E12-617E-459D-9EAE-8F237F914B01}.Debug|Any CPU.Build.0 = Debug|Any CPU
		{ABEF6E12-617E-459D-9EAE-8F237F914B01}.Release|Any CPU.ActiveCfg = Release|Any CPU
		{ABEF6E12-617E-459D-9EAE-8F237F914B01}.Release|Any CPU.Build.0 = Release|Any CPU
		{1464E512-F6EC-4145-BBB2-31A795952C54}.Debug|Any CPU.ActiveCfg = Debug|Any CPU
		{1464E512-F6EC-4145-BBB2-31A795952C54}.Debug|Any CPU.Build.0 = Debug|Any CPU
		{1464E512-F6EC-4145-BBB2-31A795952C54}.Release|Any CPU.ActiveCfg = Release|Any CPU
		{1464E512-F6EC-4145-BBB2-31A795952C54}.Release|Any CPU.Build.0 = Release|Any CPU
	EndGlobalSection
	GlobalSection(SolutionProperties) = preSolution
		HideSolutionNode = FALSE
	EndGlobalSection
	GlobalSection(ExtensibilityGlobals) = postSolution
		SolutionGuid = {FABF2D1E-63DB-4589-A508-3A383902146C}
	EndGlobalSection
EndGlobal
