
Microsoft Visual Studio Solution File, Format Version 12.00
# Visual Studio 15
VisualStudioVersion = 15.0.27428.2043
MinimumVisualStudioVersion = 10.0.40219.1
Project("{FAE04EC0-301F-11D3-BF4B-00C04F79EFBC}") = "Heist", "Heist\Heist.csproj", "{1969105F-2029-4D64-B7BC-5419AFE0004F}"
EndProject
Project("{FAE04EC0-301F-11D3-BF4B-00C04F79EFBC}") = "InventoryMatcher", "InventoryMatcher\InventoryMatcher.csproj", "{B8102E03-FF37-4420-8990-D6A445410DCC}"
EndProject
Project("{FAE04EC0-301F-11D3-BF4B-00C04F79EFBC}") = "UpgradedMatcher", "UpgradedMatcher\UpgradedMatcher.csproj", "{62E6A7DA-9C71-4623-BFB7-BD33902D14DF}"
EndProject
Global
	GlobalSection(SolutionConfigurationPlatforms) = preSolution
		Debug|Any CPU = Debug|Any CPU
		Release|Any CPU = Release|Any CPU
	EndGlobalSection
	GlobalSection(ProjectConfigurationPlatforms) = postSolution
		{1969105F-2029-4D64-B7BC-5419AFE0004F}.Debug|Any CPU.ActiveCfg = Debug|Any CPU
		{1969105F-2029-4D64-B7BC-5419AFE0004F}.Debug|Any CPU.Build.0 = Debug|Any CPU
		{1969105F-2029-4D64-B7BC-5419AFE0004F}.Release|Any CPU.ActiveCfg = Release|Any CPU
		{1969105F-2029-4D64-B7BC-5419AFE0004F}.Release|Any CPU.Build.0 = Release|Any CPU
		{B8102E03-FF37-4420-8990-D6A445410DCC}.Debug|Any CPU.ActiveCfg = Debug|Any CPU
		{B8102E03-FF37-4420-8990-D6A445410DCC}.Debug|Any CPU.Build.0 = Debug|Any CPU
		{B8102E03-FF37-4420-8990-D6A445410DCC}.Release|Any CPU.ActiveCfg = Release|Any CPU
		{B8102E03-FF37-4420-8990-D6A445410DCC}.Release|Any CPU.Build.0 = Release|Any CPU
		{62E6A7DA-9C71-4623-BFB7-BD33902D14DF}.Debug|Any CPU.ActiveCfg = Debug|Any CPU
		{62E6A7DA-9C71-4623-BFB7-BD33902D14DF}.Debug|Any CPU.Build.0 = Debug|Any CPU
		{62E6A7DA-9C71-4623-BFB7-BD33902D14DF}.Release|Any CPU.ActiveCfg = Release|Any CPU
		{62E6A7DA-9C71-4623-BFB7-BD33902D14DF}.Release|Any CPU.Build.0 = Release|Any CPU
	EndGlobalSection
	GlobalSection(SolutionProperties) = preSolution
		HideSolutionNode = FALSE
	EndGlobalSection
	GlobalSection(ExtensibilityGlobals) = postSolution
		SolutionGuid = {F51E5298-F5E9-481B-BE61-5FE596BE9566}
	EndGlobalSection
EndGlobal
